// !$*UTF8*$!
{
	archiveVersion = 1;
	classes = {
	};
	objectVersion = 50;
	objects = {

/* Begin PBXBuildFile section */
		EFDC0AAC22F8FD750028BECF /* AppDelegate.swift in Sources */ = {isa = PBXBuildFile; fileRef = EFDC0AAB22F8FD750028BECF /* AppDelegate.swift */; };
		EFDC0AAE22F8FD750028BECF /* MainViewController.swift in Sources */ = {isa = PBXBuildFile; fileRef = EFDC0AAD22F8FD750028BECF /* MainViewController.swift */; };
		EFDC0AB122F8FD750028BECF /* Main.storyboard in Resources */ = {isa = PBXBuildFile; fileRef = EFDC0AAF22F8FD750028BECF /* Main.storyboard */; };
		EFDC0AB322F8FD760028BECF /* Assets.xcassets in Resources */ = {isa = PBXBuildFile; fileRef = EFDC0AB222F8FD760028BECF /* Assets.xcassets */; };
		EFDC0AB622F8FD760028BECF /* LaunchScreen.storyboard in Resources */ = {isa = PBXBuildFile; fileRef = EFDC0AB422F8FD760028BECF /* LaunchScreen.storyboard */; };
		EFDC0AC122F8FD770028BECF /* CoordinatorsTests.swift in Sources */ = {isa = PBXBuildFile; fileRef = EFDC0AC022F8FD770028BECF /* CoordinatorsTests.swift */; };
		EFDC0ACC22F8FE410028BECF /* Coordinators.swift in Sources */ = {isa = PBXBuildFile; fileRef = EFDC0ACB22F8FE410028BECF /* Coordinators.swift */; };
		EFDC0ACE22F8FED00028BECF /* Storyboarded.swift in Sources */ = {isa = PBXBuildFile; fileRef = EFDC0ACD22F8FED00028BECF /* Storyboarded.swift */; };
		EFDC0AD022F900490028BECF /* MainCoordinator.swift in Sources */ = {isa = PBXBuildFile; fileRef = EFDC0ACF22F900490028BECF /* MainCoordinator.swift */; };
		EFDC0AD222F902FF0028BECF /* LoginViewController.swift in Sources */ = {isa = PBXBuildFile; fileRef = EFDC0AD122F902FF0028BECF /* LoginViewController.swift */; };
		EFDC0AD422F9031C0028BECF /* SignupViewController.swift in Sources */ = {isa = PBXBuildFile; fileRef = EFDC0AD322F9031C0028BECF /* SignupViewController.swift */; };
/* End PBXBuildFile section */

/* Begin PBXContainerItemProxy section */
		EFDC0ABD22F8FD770028BECF /* PBXContainerItemProxy */ = {
			isa = PBXContainerItemProxy;
			containerPortal = EFDC0AA022F8FD750028BECF /* Project object */;
			proxyType = 1;
			remoteGlobalIDString = EFDC0AA722F8FD750028BECF;
			remoteInfo = Coordinators;
		};
/* End PBXContainerItemProxy section */

/* Begin PBXFileReference section */
		EFDC0AA822F8FD750028BECF /* Coordinators.app */ = {isa = PBXFileReference; explicitFileType = wrapper.application; includeInIndex = 0; path = Coordinators.app; sourceTree = BUILT_PRODUCTS_DIR; };
		EFDC0AAB22F8FD750028BECF /* AppDelegate.swift */ = {isa = PBXFileReference; lastKnownFileType = sourcecode.swift; path = AppDelegate.swift; sourceTree = "<group>"; };
		EFDC0AAD22F8FD750028BECF /* MainViewController.swift */ = {isa = PBXFileReference; lastKnownFileType = sourcecode.swift; path = MainViewController.swift; sourceTree = "<group>"; };
		EFDC0AB022F8FD750028BECF /* Base */ = {isa = PBXFileReference; lastKnownFileType = file.storyboard; name = Base; path = Base.lproj/Main.storyboard; sourceTree = "<group>"; };
		EFDC0AB222F8FD760028BECF /* Assets.xcassets */ = {isa = PBXFileReference; lastKnownFileType = folder.assetcatalog; path = Assets.xcassets; sourceTree = "<group>"; };
		EFDC0AB522F8FD760028BECF /* Base */ = {isa = PBXFileReference; lastKnownFileType = file.storyboard; name = Base; path = Base.lproj/LaunchScreen.storyboard; sourceTree = "<group>"; };
		EFDC0AB722F8FD760028BECF /* Info.plist */ = {isa = PBXFileReference; lastKnownFileType = text.plist.xml; path = Info.plist; sourceTree = "<group>"; };
		EFDC0ABC22F8FD770028BECF /* CoordinatorsTests.xctest */ = {isa = PBXFileReference; explicitFileType = wrapper.cfbundle; includeInIndex = 0; path = CoordinatorsTests.xctest; sourceTree = BUILT_PRODUCTS_DIR; };
		EFDC0AC022F8FD770028BECF /* CoordinatorsTests.swift */ = {isa = PBXFileReference; lastKnownFileType = sourcecode.swift; path = CoordinatorsTests.swift; sourceTree = "<group>"; };
		EFDC0AC222F8FD770028BECF /* Info.plist */ = {isa = PBXFileReference; lastKnownFileType = text.plist.xml; path = Info.plist; sourceTree = "<group>"; };
		EFDC0ACB22F8FE410028BECF /* Coordinators.swift */ = {isa = PBXFileReference; lastKnownFileType = sourcecode.swift; path = Coordinators.swift; sourceTree = "<group>"; };
		EFDC0ACD22F8FED00028BECF /* Storyboarded.swift */ = {isa = PBXFileReference; lastKnownFileType = sourcecode.swift; path = Storyboarded.swift; sourceTree = "<group>"; };
		EFDC0ACF22F900490028BECF /* MainCoordinator.swift */ = {isa = PBXFileReference; lastKnownFileType = sourcecode.swift; path = MainCoordinator.swift; sourceTree = "<group>"; };
		EFDC0AD122F902FF0028BECF /* LoginViewController.swift */ = {isa = PBXFileReference; lastKnownFileType = sourcecode.swift; path = LoginViewController.swift; sourceTree = "<group>"; };
		EFDC0AD322F9031C0028BECF /* SignupViewController.swift */ = {isa = PBXFileReference; lastKnownFileType = sourcecode.swift; path = SignupViewController.swift; sourceTree = "<group>"; };
/* End PBXFileReference section */

/* Begin PBXFrameworksBuildPhase section */
		EFDC0AA522F8FD750028BECF /* Frameworks */ = {
			isa = PBXFrameworksBuildPhase;
			buildActionMask = 2147483647;
			files = (
			);
			runOnlyForDeploymentPostprocessing = 0;
		};
		EFDC0AB922F8FD770028BECF /* Frameworks */ = {
			isa = PBXFrameworksBuildPhase;
			buildActionMask = 2147483647;
			files = (
			);
			runOnlyForDeploymentPostprocessing = 0;
		};
/* End PBXFrameworksBuildPhase section */

/* Begin PBXGroup section */
		EFDC0A9F22F8FD750028BECF = {
			isa = PBXGroup;
			children = (
				EFDC0AAA22F8FD750028BECF /* Coordinators */,
				EFDC0ABF22F8FD770028BECF /* CoordinatorsTests */,
				EFDC0AA922F8FD750028BECF /* Products */,
			);
			sourceTree = "<group>";
		};
		EFDC0AA922F8FD750028BECF /* Products */ = {
			isa = PBXGroup;
			children = (
				EFDC0AA822F8FD750028BECF /* Coordinators.app */,
				EFDC0ABC22F8FD770028BECF /* CoordinatorsTests.xctest */,
			);
			name = Products;
			sourceTree = "<group>";
		};
		EFDC0AAA22F8FD750028BECF /* Coordinators */ = {
			isa = PBXGroup;
			children = (
				EFDC0AAB22F8FD750028BECF /* AppDelegate.swift */,
				EFDC0AAD22F8FD750028BECF /* MainViewController.swift */,
				EFDC0AAF22F8FD750028BECF /* Main.storyboard */,
				EFDC0AB222F8FD760028BECF /* Assets.xcassets */,
				EFDC0AB422F8FD760028BECF /* LaunchScreen.storyboard */,
				EFDC0AB722F8FD760028BECF /* Info.plist */,
				EFDC0ACB22F8FE410028BECF /* Coordinators.swift */,
				EFDC0ACD22F8FED00028BECF /* Storyboarded.swift */,
				EFDC0ACF22F900490028BECF /* MainCoordinator.swift */,
				EFDC0AD122F902FF0028BECF /* LoginViewController.swift */,
				EFDC0AD322F9031C0028BECF /* SignupViewController.swift */,
			);
			path = Coordinators;
			sourceTree = "<group>";
		};
		EFDC0ABF22F8FD770028BECF /* CoordinatorsTests */ = {
			isa = PBXGroup;
			children = (
				EFDC0AC022F8FD770028BECF /* CoordinatorsTests.swift */,
				EFDC0AC222F8FD770028BECF /* Info.plist */,
			);
			path = CoordinatorsTests;
			sourceTree = "<group>";
		};
/* End PBXGroup section */

/* Begin PBXNativeTarget section */
		EFDC0AA722F8FD750028BECF /* Coordinators */ = {
			isa = PBXNativeTarget;
			buildConfigurationList = EFDC0AC522F8FD770028BECF /* Build configuration list for PBXNativeTarget "Coordinators" */;
			buildPhases = (
				EFDC0AA422F8FD750028BECF /* Sources */,
				EFDC0AA522F8FD750028BECF /* Frameworks */,
				EFDC0AA622F8FD750028BECF /* Resources */,
			);
			buildRules = (
			);
			dependencies = (
			);
			name = Coordinators;
			productName = Coordinators;
			productReference = EFDC0AA822F8FD750028BECF /* Coordinators.app */;
			productType = "com.apple.product-type.application";
		};
		EFDC0ABB22F8FD770028BECF /* CoordinatorsTests */ = {
			isa = PBXNativeTarget;
			buildConfigurationList = EFDC0AC822F8FD770028BECF /* Build configuration list for PBXNativeTarget "CoordinatorsTests" */;
			buildPhases = (
				EFDC0AB822F8FD770028BECF /* Sources */,
				EFDC0AB922F8FD770028BECF /* Frameworks */,
				EFDC0ABA22F8FD770028BECF /* Resources */,
			);
			buildRules = (
			);
			dependencies = (
				EFDC0ABE22F8FD770028BECF /* PBXTargetDependency */,
			);
			name = CoordinatorsTests;
			productName = CoordinatorsTests;
			productReference = EFDC0ABC22F8FD770028BECF /* CoordinatorsTests.xctest */;
			productType = "com.apple.product-type.bundle.unit-test";
		};
/* End PBXNativeTarget section */

/* Begin PBXProject section */
		EFDC0AA022F8FD750028BECF /* Project object */ = {
			isa = PBXProject;
			attributes = {
				LastSwiftUpdateCheck = 1030;
				LastUpgradeCheck = 1030;
				ORGANIZATIONNAME = "Jimit Shah";
				TargetAttributes = {
					EFDC0AA722F8FD750028BECF = {
						CreatedOnToolsVersion = 10.3;
					};
					EFDC0ABB22F8FD770028BECF = {
						CreatedOnToolsVersion = 10.3;
						TestTargetID = EFDC0AA722F8FD750028BECF;
					};
				};
			};
			buildConfigurationList = EFDC0AA322F8FD750028BECF /* Build configuration list for PBXProject "Coordinators" */;
			compatibilityVersion = "Xcode 9.3";
			developmentRegion = en;
			hasScannedForEncodings = 0;
			knownRegions = (
				en,
				Base,
			);
			mainGroup = EFDC0A9F22F8FD750028BECF;
			productRefGroup = EFDC0AA922F8FD750028BECF /* Products */;
			projectDirPath = "";
			projectRoot = "";
			targets = (
				EFDC0AA722F8FD750028BECF /* Coordinators */,
				EFDC0ABB22F8FD770028BECF /* CoordinatorsTests */,
			);
		};
/* End PBXProject section */

/* Begin PBXResourcesBuildPhase section */
		EFDC0AA622F8FD750028BECF /* Resources */ = {
			isa = PBXResourcesBuildPhase;
			buildActionMask = 2147483647;
			files = (
				EFDC0AB622F8FD760028BECF /* LaunchScreen.storyboard in Resources */,
				EFDC0AB322F8FD760028BECF /* Assets.xcassets in Resources */,
				EFDC0AB122F8FD750028BECF /* Main.storyboard in Resources */,
			);
			runOnlyForDeploymentPostprocessing = 0;
		};
		EFDC0ABA22F8FD770028BECF /* Resources */ = {
			isa = PBXResourcesBuildPhase;
			buildActionMask = 2147483647;
			files = (
			);
			runOnlyForDeploymentPostprocessing = 0;
		};
/* End PBXResourcesBuildPhase section */

/* Begin PBXSourcesBuildPhase section */
		EFDC0AA422F8FD750028BECF /* Sources */ = {
			isa = PBXSourcesBuildPhase;
			buildActionMask = 2147483647;
			files = (
				EFDC0AAE22F8FD750028BECF /* MainViewController.swift in Sources */,
				EFDC0AD422F9031C0028BECF /* SignupViewController.swift in Sources */,
				EFDC0AAC22F8FD750028BECF /* AppDelegate.swift in Sources */,
				EFDC0ACC22F8FE410028BECF /* Coordinators.swift in Sources */,
				EFDC0AD022F900490028BECF /* MainCoordinator.swift in Sources */,
				EFDC0ACE22F8FED00028BECF /* Storyboarded.swift in Sources */,
				EFDC0AD222F902FF0028BECF /* LoginViewController.swift in Sources */,
			);
			runOnlyForDeploymentPostprocessing = 0;
		};
		EFDC0AB822F8FD770028BECF /* Sources */ = {
			isa = PBXSourcesBuildPhase;
			buildActionMask = 2147483647;
			files = (
				EFDC0AC122F8FD770028BECF /* CoordinatorsTests.swift in Sources */,
			);
			runOnlyForDeploymentPostprocessing = 0;
		};
/* End PBXSourcesBuildPhase section */

/* Begin PBXTargetDependency section */
		EFDC0ABE22F8FD770028BECF /* PBXTargetDependency */ = {
			isa = PBXTargetDependency;
			target = EFDC0AA722F8FD750028BECF /* Coordinators */;
			targetProxy = EFDC0ABD22F8FD770028BECF /* PBXContainerItemProxy */;
		};
/* End PBXTargetDependency section */

/* Begin PBXVariantGroup section */
		EFDC0AAF22F8FD750028BECF /* Main.storyboard */ = {
			isa = PBXVariantGroup;
			children = (
				EFDC0AB022F8FD750028BECF /* Base */,
			);
			name = Main.storyboard;
			sourceTree = "<group>";
		};
		EFDC0AB422F8FD760028BECF /* LaunchScreen.storyboard */ = {
			isa = PBXVariantGroup;
			children = (
				EFDC0AB522F8FD760028BECF /* Base */,
			);
			name = LaunchScreen.storyboard;
			sourceTree = "<group>";
		};
/* End PBXVariantGroup section */

/* Begin XCBuildConfiguration section */
		EFDC0AC322F8FD770028BECF /* Debug */ = {
			isa = XCBuildConfiguration;
			buildSettings = {
				ALWAYS_SEARCH_USER_PATHS = NO;
				CLANG_ANALYZER_NONNULL = YES;
				CLANG_ANALYZER_NUMBER_OBJECT_CONVERSION = YES_AGGRESSIVE;
				CLANG_CXX_LANGUAGE_STANDARD = "gnu++14";
				CLANG_CXX_LIBRARY = "libc++";
				CLANG_ENABLE_MODULES = YES;
				CLANG_ENABLE_OBJC_ARC = YES;
				CLANG_ENABLE_OBJC_WEAK = YES;
				CLANG_WARN_BLOCK_CAPTURE_AUTORELEASING = YES;
				CLANG_WARN_BOOL_CONVERSION = YES;
				CLANG_WARN_COMMA = YES;
				CLANG_WARN_CONSTANT_CONVERSION = YES;
				CLANG_WARN_DEPRECATED_OBJC_IMPLEMENTATIONS = YES;
				CLANG_WARN_DIRECT_OBJC_ISA_USAGE = YES_ERROR;
				CLANG_WARN_DOCUMENTATION_COMMENTS = YES;
				CLANG_WARN_EMPTY_BODY = YES;
				CLANG_WARN_ENUM_CONVERSION = YES;
				CLANG_WARN_INFINITE_RECURSION = YES;
				CLANG_WARN_INT_CONVERSION = YES;
				CLANG_WARN_NON_LITERAL_NULL_CONVERSION = YES;
				CLANG_WARN_OBJC_IMPLICIT_RETAIN_SELF = YES;
				CLANG_WARN_OBJC_LITERAL_CONVERSION = YES;
				CLANG_WARN_OBJC_ROOT_CLASS = YES_ERROR;
				CLANG_WARN_RANGE_LOOP_ANALYSIS = YES;
				CLANG_WARN_STRICT_PROTOTYPES = YES;
				CLANG_WARN_SUSPICIOUS_MOVE = YES;
				CLANG_WARN_UNGUARDED_AVAILABILITY = YES_AGGRESSIVE;
				CLANG_WARN_UNREACHABLE_CODE = YES;
				CLANG_WARN__DUPLICATE_METHOD_MATCH = YES;
				CODE_SIGN_IDENTITY = "iPhone Developer";
				COPY_PHASE_STRIP = NO;
				DEBUG_INFORMATION_FORMAT = dwarf;
				ENABLE_STRICT_OBJC_MSGSEND = YES;
				ENABLE_TESTABILITY = YES;
				GCC_C_LANGUAGE_STANDARD = gnu11;
				GCC_DYNAMIC_NO_PIC = NO;
				GCC_NO_COMMON_BLOCKS = YES;
				GCC_OPTIMIZATION_LEVEL = 0;
				GCC_PREPROCESSOR_DEFINITIONS = (
					"DEBUG=1",
					"$(inherited)",
				);
				GCC_WARN_64_TO_32_BIT_CONVERSION = YES;
				GCC_WARN_ABOUT_RETURN_TYPE = YES_ERROR;
				GCC_WARN_UNDECLARED_SELECTOR = YES;
				GCC_WARN_UNINITIALIZED_AUTOS = YES_AGGRESSIVE;
				GCC_WARN_UNUSED_FUNCTION = YES;
				GCC_WARN_UNUSED_VARIABLE = YES;
				IPHONEOS_DEPLOYMENT_TARGET = 12.4;
				MTL_ENABLE_DEBUG_INFO = INCLUDE_SOURCE;
				MTL_FAST_MATH = YES;
				ONLY_ACTIVE_ARCH = YES;
				SDKROOT = iphoneos;
				SWIFT_ACTIVE_COMPILATION_CONDITIONS = DEBUG;
				SWIFT_OPTIMIZATION_LEVEL = "-Onone";
			};
			name = Debug;
		};
		EFDC0AC422F8FD770028BECF /* Release */ = {
			isa = XCBuildConfiguration;
			buildSettings = {
				ALWAYS_SEARCH_USER_PATHS = NO;
				CLANG_ANALYZER_NONNULL = YES;
				CLANG_ANALYZER_NUMBER_OBJECT_CONVERSION = YES_AGGRESSIVE;
				CLANG_CXX_LANGUAGE_STANDARD = "gnu++14";
				CLANG_CXX_LIBRARY = "libc++";
				CLANG_ENABLE_MODULES = YES;
				CLANG_ENABLE_OBJC_ARC = YES;
				CLANG_ENABLE_OBJC_WEAK = YES;
				CLANG_WARN_BLOCK_CAPTURE_AUTORELEASING = YES;
				CLANG_WARN_BOOL_CONVERSION = YES;
				CLANG_WARN_COMMA = YES;
				CLANG_WARN_CONSTANT_CONVERSION = YES;
				CLANG_WARN_DEPRECATED_OBJC_IMPLEMENTATIONS = YES;
				CLANG_WARN_DIRECT_OBJC_ISA_USAGE = YES_ERROR;
				CLANG_WARN_DOCUMENTATION_COMMENTS = YES;
				CLANG_WARN_EMPTY_BODY = YES;
				CLANG_WARN_ENUM_CONVERSION = YES;
				CLANG_WARN_INFINITE_RECURSION = YES;
				CLANG_WARN_INT_CONVERSION = YES;
				CLANG_WARN_NON_LITERAL_NULL_CONVERSION = YES;
				CLANG_WARN_OBJC_IMPLICIT_RETAIN_SELF = YES;
				CLANG_WARN_OBJC_LITERAL_CONVERSION = YES;
				CLANG_WARN_OBJC_ROOT_CLASS = YES_ERROR;
				CLANG_WARN_RANGE_LOOP_ANALYSIS = YES;
				CLANG_WARN_STRICT_PROTOTYPES = YES;
				CLANG_WARN_SUSPICIOUS_MOVE = YES;
				CLANG_WARN_UNGUARDED_AVAILABILITY = YES_AGGRESSIVE;
				CLANG_WARN_UNREACHABLE_CODE = YES;
				CLANG_WARN__DUPLICATE_METHOD_MATCH = YES;
				CODE_SIGN_IDENTITY = "iPhone Developer";
				COPY_PHASE_STRIP = NO;
				DEBUG_INFORMATION_FORMAT = "dwarf-with-dsym";
				ENABLE_NS_ASSERTIONS = NO;
				ENABLE_STRICT_OBJC_MSGSEND = YES;
				GCC_C_LANGUAGE_STANDARD = gnu11;
				GCC_NO_COMMON_BLOCKS = YES;
				GCC_WARN_64_TO_32_BIT_CONVERSION = YES;
				GCC_WARN_ABOUT_RETURN_TYPE = YES_ERROR;
				GCC_WARN_UNDECLARED_SELECTOR = YES;
				GCC_WARN_UNINITIALIZED_AUTOS = YES_AGGRESSIVE;
				GCC_WARN_UNUSED_FUNCTION = YES;
				GCC_WARN_UNUSED_VARIABLE = YES;
				IPHONEOS_DEPLOYMENT_TARGET = 12.4;
				MTL_ENABLE_DEBUG_INFO = NO;
				MTL_FAST_MATH = YES;
				SDKROOT = iphoneos;
				SWIFT_COMPILATION_MODE = wholemodule;
				SWIFT_OPTIMIZATION_LEVEL = "-O";
				VALIDATE_PRODUCT = YES;
			};
			name = Release;
		};
		EFDC0AC622F8FD770028BECF /* Debug */ = {
			isa = XCBuildConfiguration;
			buildSettings = {
				ASSETCATALOG_COMPILER_APPICON_NAME = AppIcon;
				CODE_SIGN_STYLE = Automatic;
				DEVELOPMENT_TEAM = 349HB6K8DN;
				INFOPLIST_FILE = Coordinators/Info.plist;
				LD_RUNPATH_SEARCH_PATHS = (
					"$(inherited)",
					"@executable_path/Frameworks",
				);
				PRODUCT_BUNDLE_IDENTIFIER = com.jimitshah.Coordinators;
				PRODUCT_NAME = "$(TARGET_NAME)";
				SWIFT_VERSION = 5.0;
				TARGETED_DEVICE_FAMILY = "1,2";
			};
			name = Debug;
		};
		EFDC0AC722F8FD770028BECF /* Release */ = {
			isa = XCBuildConfiguration;
			buildSettings = {
				ASSETCATALOG_COMPILER_APPICON_NAME = AppIcon;
				CODE_SIGN_STYLE = Automatic;
				DEVELOPMENT_TEAM = 349HB6K8DN;
				INFOPLIST_FILE = Coordinators/Info.plist;
				LD_RUNPATH_SEARCH_PATHS = (
					"$(inherited)",
					"@executable_path/Frameworks",
				);
				PRODUCT_BUNDLE_IDENTIFIER = com.jimitshah.Coordinators;
				PRODUCT_NAME = "$(TARGET_NAME)";
				SWIFT_VERSION = 5.0;
				TARGETED_DEVICE_FAMILY = "1,2";
			};
			name = Release;
		};
		EFDC0AC922F8FD770028BECF /* Debug */ = {
			isa = XCBuildConfiguration;
			buildSettings = {
				ALWAYS_EMBED_SWIFT_STANDARD_LIBRARIES = YES;
				BUNDLE_LOADER = "$(TEST_HOST)";
				CODE_SIGN_STYLE = Automatic;
				DEVELOPMENT_TEAM = 349HB6K8DN;
				INFOPLIST_FILE = CoordinatorsTests/Info.plist;
				LD_RUNPATH_SEARCH_PATHS = (
					"$(inherited)",
					"@executable_path/Frameworks",
					"@loader_path/Frameworks",
				);
				PRODUCT_BUNDLE_IDENTIFIER = com.jimitshah.CoordinatorsTests;
				PRODUCT_NAME = "$(TARGET_NAME)";
				SWIFT_VERSION = 5.0;
				TARGETED_DEVICE_FAMILY = "1,2";
				TEST_HOST = "$(BUILT_PRODUCTS_DIR)/Coordinators.app/Coordinators";
			};
			name = Debug;
		};
		EFDC0ACA22F8FD770028BECF /* Release */ = {
			isa = XCBuildConfiguration;
			buildSettings = {
				ALWAYS_EMBED_SWIFT_STANDARD_LIBRARIES = YES;
				BUNDLE_LOADER = "$(TEST_HOST)";
				CODE_SIGN_STYLE = Automatic;
				DEVELOPMENT_TEAM = 349HB6K8DN;
				INFOPLIST_FILE = CoordinatorsTests/Info.plist;
				LD_RUNPATH_SEARCH_PATHS = (
					"$(inherited)",
					"@executable_path/Frameworks",
					"@loader_path/Frameworks",
				);
				PRODUCT_BUNDLE_IDENTIFIER = com.jimitshah.CoordinatorsTests;
				PRODUCT_NAME = "$(TARGET_NAME)";
				SWIFT_VERSION = 5.0;
				TARGETED_DEVICE_FAMILY = "1,2";
				TEST_HOST = "$(BUILT_PRODUCTS_DIR)/Coordinators.app/Coordinators";
			};
			name = Release;
		};
/* End XCBuildConfiguration section */

/* Begin XCConfigurationList section */
		EFDC0AA322F8FD750028BECF /* Build configuration list for PBXProject "Coordinators" */ = {
			isa = XCConfigurationList;
			buildConfigurations = (
				EFDC0AC322F8FD770028BECF /* Debug */,
				EFDC0AC422F8FD770028BECF /* Release */,
			);
			defaultConfigurationIsVisible = 0;
			defaultConfigurationName = Release;
		};
		EFDC0AC522F8FD770028BECF /* Build configuration list for PBXNativeTarget "Coordinators" */ = {
			isa = XCConfigurationList;
			buildConfigurations = (
				EFDC0AC622F8FD770028BECF /* Debug */,
				EFDC0AC722F8FD770028BECF /* Release */,
			);
			defaultConfigurationIsVisible = 0;
			defaultConfigurationName = Release;
		};
		EFDC0AC822F8FD770028BECF /* Build configuration list for PBXNativeTarget "CoordinatorsTests" */ = {
			isa = XCConfigurationList;
			buildConfigurations = (
				EFDC0AC922F8FD770028BECF /* Debug */,
				EFDC0ACA22F8FD770028BECF /* Release */,
			);
			defaultConfigurationIsVisible = 0;
			defaultConfigurationName = Release;
		};
/* End XCConfigurationList section */
	};
	rootObject = EFDC0AA022F8FD750028BECF /* Project object */;
}
